
Microsoft Visual Studio Solution File, Format Version 11.00
# Visual Studio 2010
Project("{FAE04EC0-301F-11D3-BF4B-00C04F79EFBC}") = "BusinessApp", "BusinessApp\BusinessApp.csproj", "{B4BB6F03-A47A-4042-9F0B-C243EC265D7E}"
EndProject
Project("{FAE04EC0-301F-11D3-BF4B-00C04F79EFBC}") = "BusinessApp.Tests", "BusinessApp.Tests\BusinessApp.Tests.csproj", "{1416F603-D532-4362-A5F1-65126F1AF5F1}"
EndProject
Global
	GlobalSection(SolutionConfigurationPlatforms) = preSolution
		Debug|Any CPU = Debug|Any CPU
		Release|Any CPU = Release|Any CPU
	EndGlobalSection
	GlobalSection(ProjectConfigurationPlatforms) = postSolution
		{B4BB6F03-A47A-4042-9F0B-C243EC265D7E}.Debug|Any CPU.ActiveCfg = Debug|Any CPU
		{B4BB6F03-A47A-4042-9F0B-C243EC265D7E}.Debug|Any CPU.Build.0 = Debug|Any CPU
		{B4BB6F03-A47A-4042-9F0B-C243EC265D7E}.Release|Any CPU.ActiveCfg = Release|Any CPU
		{B4BB6F03-A47A-4042-9F0B-C243EC265D7E}.Release|Any CPU.Build.0 = Release|Any CPU
		{1416F603-D532-4362-A5F1-65126F1AF5F1}.Debug|Any CPU.ActiveCfg = Debug|Any CPU
		{1416F603-D532-4362-A5F1-65126F1AF5F1}.Debug|Any CPU.Build.0 = Debug|Any CPU
		{1416F603-D532-4362-A5F1-65126F1AF5F1}.Release|Any CPU.ActiveCfg = Release|Any CPU
		{1416F603-D532-4362-A5F1-65126F1AF5F1}.Release|Any CPU.Build.0 = Release|Any CPU
	EndGlobalSection
	GlobalSection(SolutionProperties) = preSolution
		HideSolutionNode = FALSE
	EndGlobalSection
EndGlobal
